
Microsoft Visual Studio Solution File, Format Version 12.00
# Visual Studio Version 16
VisualStudioVersion = 16.0.33214.272
MinimumVisualStudioVersion = 10.0.40219.1
Project("{888888A0-9F3D-457C-B088-3A5042F75D52}") = "Span Coding Challenge - Tayla", "Span Coding Challenge - Tayla\Span Coding Challenge - Tayla.pyproj", "{795832B9-6D89-46F8-8ABF-28FF625D6495}"
EndProject
Global
	GlobalSection(SolutionConfigurationPlatforms) = preSolution
		Debug|Any CPU = Debug|Any CPU
		Release|Any CPU = Release|Any CPU
	EndGlobalSection
	GlobalSection(ProjectConfigurationPlatforms) = postSolution
		{795832B9-6D89-46F8-8ABF-28FF625D6495}.Debug|Any CPU.ActiveCfg = Debug|Any CPU
		{795832B9-6D89-46F8-8ABF-28FF625D6495}.Release|Any CPU.ActiveCfg = Release|Any CPU
	EndGlobalSection
	GlobalSection(SolutionProperties) = preSolution
		HideSolutionNode = FALSE
	EndGlobalSection
	GlobalSection(ExtensibilityGlobals) = postSolution
		SolutionGuid = {D8B1B0A1-9B39-4A10-87D9-049CEBDFFF02}
	EndGlobalSection
EndGlobal
